// !$*UTF8*$!
{
	archiveVersion = 1;
	classes = {
	};
	objectVersion = 55;
	objects = {

/* Begin PBXBuildFile section */
		B0358BFE27491C9500F344B5 /* AppointmentListDataSource.swift in Sources */ = {isa = PBXBuildFile; fileRef = B0358BFD27491C9500F344B5 /* AppointmentListDataSource.swift */; };
		B0953F2E2748F08A00872AAD /* AppointmentListCell.swift in Sources */ = {isa = PBXBuildFile; fileRef = B0953F2D2748F08A00872AAD /* AppointmentListCell.swift */; };
		B0C2ABD9274905C900BA4EA0 /* AppointmentDetailViewController.swift in Sources */ = {isa = PBXBuildFile; fileRef = B0C2ABD8274905C900BA4EA0 /* AppointmentDetailViewController.swift */; };
		B0D106A42748B71800598734 /* AppointmentReminder.swift in Sources */ = {isa = PBXBuildFile; fileRef = B0D106A32748B71800598734 /* AppointmentReminder.swift */; };
		B0D54D4F27492AD7006A0031 /* AppointmentDetailViewDataSource.swift in Sources */ = {isa = PBXBuildFile; fileRef = B0D54D4E27492AD7006A0031 /* AppointmentDetailViewDataSource.swift */; };
		B0D54D512749396C006A0031 /* EditTitleCell.swift in Sources */ = {isa = PBXBuildFile; fileRef = B0D54D502749396C006A0031 /* EditTitleCell.swift */; };
		B0D54D53274939D0006A0031 /* EditDateCell.swift in Sources */ = {isa = PBXBuildFile; fileRef = B0D54D52274939D0006A0031 /* EditDateCell.swift */; };
		B0D54D55274939FE006A0031 /* EditNotesCell.swift in Sources */ = {isa = PBXBuildFile; fileRef = B0D54D54274939FE006A0031 /* EditNotesCell.swift */; };
		B0D9D1C72748002B0062485C /* AppDelegate.swift in Sources */ = {isa = PBXBuildFile; fileRef = B0D9D1C62748002B0062485C /* AppDelegate.swift */; };
		B0D9D1C92748002B0062485C /* SceneDelegate.swift in Sources */ = {isa = PBXBuildFile; fileRef = B0D9D1C82748002B0062485C /* SceneDelegate.swift */; };
		B0D9D1CB2748002B0062485C /* AppointmentListViewController.swift in Sources */ = {isa = PBXBuildFile; fileRef = B0D9D1CA2748002B0062485C /* AppointmentListViewController.swift */; };
		B0D9D1CE2748002B0062485C /* Main.storyboard in Resources */ = {isa = PBXBuildFile; fileRef = B0D9D1CC2748002B0062485C /* Main.storyboard */; };
		B0D9D1D02748002D0062485C /* Assets.xcassets in Resources */ = {isa = PBXBuildFile; fileRef = B0D9D1CF2748002D0062485C /* Assets.xcassets */; };
		B0D9D1D32748002D0062485C /* LaunchScreen.storyboard in Resources */ = {isa = PBXBuildFile; fileRef = B0D9D1D12748002D0062485C /* LaunchScreen.storyboard */; };
/* End PBXBuildFile section */

/* Begin PBXFileReference section */
		B0358BFD27491C9500F344B5 /* AppointmentListDataSource.swift */ = {isa = PBXFileReference; lastKnownFileType = sourcecode.swift; path = AppointmentListDataSource.swift; sourceTree = "<group>"; };
		B0953F2D2748F08A00872AAD /* AppointmentListCell.swift */ = {isa = PBXFileReference; lastKnownFileType = sourcecode.swift; path = AppointmentListCell.swift; sourceTree = "<group>"; };
		B0C2ABD8274905C900BA4EA0 /* AppointmentDetailViewController.swift */ = {isa = PBXFileReference; lastKnownFileType = sourcecode.swift; path = AppointmentDetailViewController.swift; sourceTree = "<group>"; };
		B0D106A32748B71800598734 /* AppointmentReminder.swift */ = {isa = PBXFileReference; lastKnownFileType = sourcecode.swift; path = AppointmentReminder.swift; sourceTree = "<group>"; };
		B0D54D4E27492AD7006A0031 /* AppointmentDetailViewDataSource.swift */ = {isa = PBXFileReference; lastKnownFileType = sourcecode.swift; path = AppointmentDetailViewDataSource.swift; sourceTree = "<group>"; };
		B0D54D502749396C006A0031 /* EditTitleCell.swift */ = {isa = PBXFileReference; lastKnownFileType = sourcecode.swift; path = EditTitleCell.swift; sourceTree = "<group>"; };
		B0D54D52274939D0006A0031 /* EditDateCell.swift */ = {isa = PBXFileReference; lastKnownFileType = sourcecode.swift; path = EditDateCell.swift; sourceTree = "<group>"; };
		B0D54D54274939FE006A0031 /* EditNotesCell.swift */ = {isa = PBXFileReference; lastKnownFileType = sourcecode.swift; path = EditNotesCell.swift; sourceTree = "<group>"; };
		B0D9D1C32748002B0062485C /* HiDoctor.app */ = {isa = PBXFileReference; explicitFileType = wrapper.application; includeInIndex = 0; path = HiDoctor.app; sourceTree = BUILT_PRODUCTS_DIR; };
		B0D9D1C62748002B0062485C /* AppDelegate.swift */ = {isa = PBXFileReference; lastKnownFileType = sourcecode.swift; path = AppDelegate.swift; sourceTree = "<group>"; };
		B0D9D1C82748002B0062485C /* SceneDelegate.swift */ = {isa = PBXFileReference; lastKnownFileType = sourcecode.swift; path = SceneDelegate.swift; sourceTree = "<group>"; };
		B0D9D1CA2748002B0062485C /* AppointmentListViewController.swift */ = {isa = PBXFileReference; lastKnownFileType = sourcecode.swift; path = AppointmentListViewController.swift; sourceTree = "<group>"; };
		B0D9D1CD2748002B0062485C /* Base */ = {isa = PBXFileReference; lastKnownFileType = file.storyboard; name = Base; path = Base.lproj/Main.storyboard; sourceTree = "<group>"; };
		B0D9D1CF2748002D0062485C /* Assets.xcassets */ = {isa = PBXFileReference; lastKnownFileType = folder.assetcatalog; path = Assets.xcassets; sourceTree = "<group>"; };
		B0D9D1D22748002D0062485C /* Base */ = {isa = PBXFileReference; lastKnownFileType = file.storyboard; name = Base; path = Base.lproj/LaunchScreen.storyboard; sourceTree = "<group>"; };
		B0D9D1D42748002D0062485C /* Info.plist */ = {isa = PBXFileReference; lastKnownFileType = text.plist.xml; path = Info.plist; sourceTree = "<group>"; };
		B0D9D1DA2748008A0062485C /* README.md */ = {isa = PBXFileReference; lastKnownFileType = net.daringfireball.markdown; path = README.md; sourceTree = "<group>"; };
/* End PBXFileReference section */

/* Begin PBXFrameworksBuildPhase section */
		B0D9D1C02748002B0062485C /* Frameworks */ = {
			isa = PBXFrameworksBuildPhase;
			buildActionMask = 2147483647;
			files = (
			);
			runOnlyForDeploymentPostprocessing = 0;
		};
/* End PBXFrameworksBuildPhase section */

/* Begin PBXGroup section */
		B0D106A02748B67800598734 /* Model */ = {
			isa = PBXGroup;
			children = (
				B0D106A32748B71800598734 /* AppointmentReminder.swift */,
				B0358BFD27491C9500F344B5 /* AppointmentListDataSource.swift */,
				B0D54D4E27492AD7006A0031 /* AppointmentDetailViewDataSource.swift */,
			);
			path = Model;
			sourceTree = "<group>";
		};
		B0D106A12748B69000598734 /* View */ = {
			isa = PBXGroup;
			children = (
				B0D9D1CC2748002B0062485C /* Main.storyboard */,
				B0D9D1D12748002D0062485C /* LaunchScreen.storyboard */,
				B0953F2D2748F08A00872AAD /* AppointmentListCell.swift */,
				B0D54D502749396C006A0031 /* EditTitleCell.swift */,
				B0D54D52274939D0006A0031 /* EditDateCell.swift */,
				B0D54D54274939FE006A0031 /* EditNotesCell.swift */,
			);
			path = View;
			sourceTree = "<group>";
		};
		B0D106A22748B6A800598734 /* Controller */ = {
			isa = PBXGroup;
			children = (
				B0D9D1CA2748002B0062485C /* AppointmentListViewController.swift */,
				B0C2ABD8274905C900BA4EA0 /* AppointmentDetailViewController.swift */,
			);
			path = Controller;
			sourceTree = "<group>";
		};
		B0D9D1BA2748002B0062485C = {
			isa = PBXGroup;
			children = (
				B0D9D1DA2748008A0062485C /* README.md */,
				B0D9D1C52748002B0062485C /* HiDoctor */,
				B0D9D1C42748002B0062485C /* Products */,
			);
			sourceTree = "<group>";
		};
		B0D9D1C42748002B0062485C /* Products */ = {
			isa = PBXGroup;
			children = (
				B0D9D1C32748002B0062485C /* HiDoctor.app */,
			);
			name = Products;
			sourceTree = "<group>";
		};
		B0D9D1C52748002B0062485C /* HiDoctor */ = {
			isa = PBXGroup;
			children = (
				B0D9D1C62748002B0062485C /* AppDelegate.swift */,
				B0D9D1C82748002B0062485C /* SceneDelegate.swift */,
				B0D106A02748B67800598734 /* Model */,
				B0D106A12748B69000598734 /* View */,
				B0D106A22748B6A800598734 /* Controller */,
				B0D9D1CF2748002D0062485C /* Assets.xcassets */,
				B0D9D1D42748002D0062485C /* Info.plist */,
			);
			path = HiDoctor;
			sourceTree = "<group>";
		};
/* End PBXGroup section */

/* Begin PBXNativeTarget section */
		B0D9D1C22748002B0062485C /* HiDoctor */ = {
			isa = PBXNativeTarget;
			buildConfigurationList = B0D9D1D72748002D0062485C /* Build configuration list for PBXNativeTarget "HiDoctor" */;
			buildPhases = (
				B0D9D1BF2748002B0062485C /* Sources */,
				B0D9D1C02748002B0062485C /* Frameworks */,
				B0D9D1C12748002B0062485C /* Resources */,
			);
			buildRules = (
			);
			dependencies = (
			);
			name = HiDoctor;
			productName = HiDoctor;
			productReference = B0D9D1C32748002B0062485C /* HiDoctor.app */;
			productType = "com.apple.product-type.application";
		};
/* End PBXNativeTarget section */

/* Begin PBXProject section */
		B0D9D1BB2748002B0062485C /* Project object */ = {
			isa = PBXProject;
			attributes = {
				BuildIndependentTargetsInParallel = 1;
				LastSwiftUpdateCheck = 1310;
				LastUpgradeCheck = 1310;
				TargetAttributes = {
					B0D9D1C22748002B0062485C = {
						CreatedOnToolsVersion = 13.1;
					};
				};
			};
			buildConfigurationList = B0D9D1BE2748002B0062485C /* Build configuration list for PBXProject "HiDoctor" */;
			compatibilityVersion = "Xcode 13.0";
			developmentRegion = en;
			hasScannedForEncodings = 0;
			knownRegions = (
				en,
				Base,
			);
			mainGroup = B0D9D1BA2748002B0062485C;
			productRefGroup = B0D9D1C42748002B0062485C /* Products */;
			projectDirPath = "";
			projectRoot = "";
			targets = (
				B0D9D1C22748002B0062485C /* HiDoctor */,
			);
		};
/* End PBXProject section */

/* Begin PBXResourcesBuildPhase section */
		B0D9D1C12748002B0062485C /* Resources */ = {
			isa = PBXResourcesBuildPhase;
			buildActionMask = 2147483647;
			files = (
				B0D9D1D32748002D0062485C /* LaunchScreen.storyboard in Resources */,
				B0D9D1D02748002D0062485C /* Assets.xcassets in Resources */,
				B0D9D1CE2748002B0062485C /* Main.storyboard in Resources */,
			);
			runOnlyForDeploymentPostprocessing = 0;
		};
/* End PBXResourcesBuildPhase section */

/* Begin PBXSourcesBuildPhase section */
		B0D9D1BF2748002B0062485C /* Sources */ = {
			isa = PBXSourcesBuildPhase;
			buildActionMask = 2147483647;
			files = (
				B0D54D4F27492AD7006A0031 /* AppointmentDetailViewDataSource.swift in Sources */,
				B0D9D1CB2748002B0062485C /* AppointmentListViewController.swift in Sources */,
				B0D54D512749396C006A0031 /* EditTitleCell.swift in Sources */,
				B0C2ABD9274905C900BA4EA0 /* AppointmentDetailViewController.swift in Sources */,
				B0D106A42748B71800598734 /* AppointmentReminder.swift in Sources */,
				B0D9D1C72748002B0062485C /* AppDelegate.swift in Sources */,
				B0D9D1C92748002B0062485C /* SceneDelegate.swift in Sources */,
				B0D54D55274939FE006A0031 /* EditNotesCell.swift in Sources */,
				B0D54D53274939D0006A0031 /* EditDateCell.swift in Sources */,
				B0953F2E2748F08A00872AAD /* AppointmentListCell.swift in Sources */,
				B0358BFE27491C9500F344B5 /* AppointmentListDataSource.swift in Sources */,
			);
			runOnlyForDeploymentPostprocessing = 0;
		};
/* End PBXSourcesBuildPhase section */

/* Begin PBXVariantGroup section */
		B0D9D1CC2748002B0062485C /* Main.storyboard */ = {
			isa = PBXVariantGroup;
			children = (
				B0D9D1CD2748002B0062485C /* Base */,
			);
			name = Main.storyboard;
			sourceTree = "<group>";
		};
		B0D9D1D12748002D0062485C /* LaunchScreen.storyboard */ = {
			isa = PBXVariantGroup;
			children = (
				B0D9D1D22748002D0062485C /* Base */,
			);
			name = LaunchScreen.storyboard;
			sourceTree = "<group>";
		};
/* End PBXVariantGroup section */

/* Begin XCBuildConfiguration section */
		B0D9D1D52748002D0062485C /* Debug */ = {
			isa = XCBuildConfiguration;
			buildSettings = {
				ALWAYS_SEARCH_USER_PATHS = NO;
				CLANG_ANALYZER_NONNULL = YES;
				CLANG_ANALYZER_NUMBER_OBJECT_CONVERSION = YES_AGGRESSIVE;
				CLANG_CXX_LANGUAGE_STANDARD = "gnu++17";
				CLANG_CXX_LIBRARY = "libc++";
				CLANG_ENABLE_MODULES = YES;
				CLANG_ENABLE_OBJC_ARC = YES;
				CLANG_ENABLE_OBJC_WEAK = YES;
				CLANG_WARN_BLOCK_CAPTURE_AUTORELEASING = YES;
				CLANG_WARN_BOOL_CONVERSION = YES;
				CLANG_WARN_COMMA = YES;
				CLANG_WARN_CONSTANT_CONVERSION = YES;
				CLANG_WARN_DEPRECATED_OBJC_IMPLEMENTATIONS = YES;
				CLANG_WARN_DIRECT_OBJC_ISA_USAGE = YES_ERROR;
				CLANG_WARN_DOCUMENTATION_COMMENTS = YES;
				CLANG_WARN_EMPTY_BODY = YES;
				CLANG_WARN_ENUM_CONVERSION = YES;
				CLANG_WARN_INFINITE_RECURSION = YES;
				CLANG_WARN_INT_CONVERSION = YES;
				CLANG_WARN_NON_LITERAL_NULL_CONVERSION = YES;
				CLANG_WARN_OBJC_IMPLICIT_RETAIN_SELF = YES;
				CLANG_WARN_OBJC_LITERAL_CONVERSION = YES;
				CLANG_WARN_OBJC_ROOT_CLASS = YES_ERROR;
				CLANG_WARN_QUOTED_INCLUDE_IN_FRAMEWORK_HEADER = YES;
				CLANG_WARN_RANGE_LOOP_ANALYSIS = YES;
				CLANG_WARN_STRICT_PROTOTYPES = YES;
				CLANG_WARN_SUSPICIOUS_MOVE = YES;
				CLANG_WARN_UNGUARDED_AVAILABILITY = YES_AGGRESSIVE;
				CLANG_WARN_UNREACHABLE_CODE = YES;
				CLANG_WARN__DUPLICATE_METHOD_MATCH = YES;
				COPY_PHASE_STRIP = NO;
				DEBUG_INFORMATION_FORMAT = dwarf;
				ENABLE_STRICT_OBJC_MSGSEND = YES;
				ENABLE_TESTABILITY = YES;
				GCC_C_LANGUAGE_STANDARD = gnu11;
				GCC_DYNAMIC_NO_PIC = NO;
				GCC_NO_COMMON_BLOCKS = YES;
				GCC_OPTIMIZATION_LEVEL = 0;
				GCC_PREPROCESSOR_DEFINITIONS = (
					"DEBUG=1",
					"$(inherited)",
				);
				GCC_WARN_64_TO_32_BIT_CONVERSION = YES;
				GCC_WARN_ABOUT_RETURN_TYPE = YES_ERROR;
				GCC_WARN_UNDECLARED_SELECTOR = YES;
				GCC_WARN_UNINITIALIZED_AUTOS = YES_AGGRESSIVE;
				GCC_WARN_UNUSED_FUNCTION = YES;
				GCC_WARN_UNUSED_VARIABLE = YES;
				IPHONEOS_DEPLOYMENT_TARGET = 15.0;
				MTL_ENABLE_DEBUG_INFO = INCLUDE_SOURCE;
				MTL_FAST_MATH = YES;
				ONLY_ACTIVE_ARCH = YES;
				SDKROOT = iphoneos;
				SWIFT_ACTIVE_COMPILATION_CONDITIONS = DEBUG;
				SWIFT_OPTIMIZATION_LEVEL = "-Onone";
			};
			name = Debug;
		};
		B0D9D1D62748002D0062485C /* Release */ = {
			isa = XCBuildConfiguration;
			buildSettings = {
				ALWAYS_SEARCH_USER_PATHS = NO;
				CLANG_ANALYZER_NONNULL = YES;
				CLANG_ANALYZER_NUMBER_OBJECT_CONVERSION = YES_AGGRESSIVE;
				CLANG_CXX_LANGUAGE_STANDARD = "gnu++17";
				CLANG_CXX_LIBRARY = "libc++";
				CLANG_ENABLE_MODULES = YES;
				CLANG_ENABLE_OBJC_ARC = YES;
				CLANG_ENABLE_OBJC_WEAK = YES;
				CLANG_WARN_BLOCK_CAPTURE_AUTORELEASING = YES;
				CLANG_WARN_BOOL_CONVERSION = YES;
				CLANG_WARN_COMMA = YES;
				CLANG_WARN_CONSTANT_CONVERSION = YES;
				CLANG_WARN_DEPRECATED_OBJC_IMPLEMENTATIONS = YES;
				CLANG_WARN_DIRECT_OBJC_ISA_USAGE = YES_ERROR;
				CLANG_WARN_DOCUMENTATION_COMMENTS = YES;
				CLANG_WARN_EMPTY_BODY = YES;
				CLANG_WARN_ENUM_CONVERSION = YES;
				CLANG_WARN_INFINITE_RECURSION = YES;
				CLANG_WARN_INT_CONVERSION = YES;
				CLANG_WARN_NON_LITERAL_NULL_CONVERSION = YES;
				CLANG_WARN_OBJC_IMPLICIT_RETAIN_SELF = YES;
				CLANG_WARN_OBJC_LITERAL_CONVERSION = YES;
				CLANG_WARN_OBJC_ROOT_CLASS = YES_ERROR;
				CLANG_WARN_QUOTED_INCLUDE_IN_FRAMEWORK_HEADER = YES;
				CLANG_WARN_RANGE_LOOP_ANALYSIS = YES;
				CLANG_WARN_STRICT_PROTOTYPES = YES;
				CLANG_WARN_SUSPICIOUS_MOVE = YES;
				CLANG_WARN_UNGUARDED_AVAILABILITY = YES_AGGRESSIVE;
				CLANG_WARN_UNREACHABLE_CODE = YES;
				CLANG_WARN__DUPLICATE_METHOD_MATCH = YES;
				COPY_PHASE_STRIP = NO;
				DEBUG_INFORMATION_FORMAT = "dwarf-with-dsym";
				ENABLE_NS_ASSERTIONS = NO;
				ENABLE_STRICT_OBJC_MSGSEND = YES;
				GCC_C_LANGUAGE_STANDARD = gnu11;
				GCC_NO_COMMON_BLOCKS = YES;
				GCC_WARN_64_TO_32_BIT_CONVERSION = YES;
				GCC_WARN_ABOUT_RETURN_TYPE = YES_ERROR;
				GCC_WARN_UNDECLARED_SELECTOR = YES;
				GCC_WARN_UNINITIALIZED_AUTOS = YES_AGGRESSIVE;
				GCC_WARN_UNUSED_FUNCTION = YES;
				GCC_WARN_UNUSED_VARIABLE = YES;
				IPHONEOS_DEPLOYMENT_TARGET = 15.0;
				MTL_ENABLE_DEBUG_INFO = NO;
				MTL_FAST_MATH = YES;
				SDKROOT = iphoneos;
				SWIFT_COMPILATION_MODE = wholemodule;
				SWIFT_OPTIMIZATION_LEVEL = "-O";
				VALIDATE_PRODUCT = YES;
			};
			name = Release;
		};
		B0D9D1D82748002D0062485C /* Debug */ = {
			isa = XCBuildConfiguration;
			buildSettings = {
				ASSETCATALOG_COMPILER_APPICON_NAME = AppIcon;
				ASSETCATALOG_COMPILER_GLOBAL_ACCENT_COLOR_NAME = AccentColor;
				CODE_SIGN_STYLE = Automatic;
				CURRENT_PROJECT_VERSION = 1;
				GENERATE_INFOPLIST_FILE = YES;
				INFOPLIST_FILE = HiDoctor/Info.plist;
				INFOPLIST_KEY_UIApplicationSupportsIndirectInputEvents = YES;
				INFOPLIST_KEY_UILaunchStoryboardName = LaunchScreen;
				INFOPLIST_KEY_UIMainStoryboardFile = Main;
				INFOPLIST_KEY_UISupportedInterfaceOrientations_iPad = "UIInterfaceOrientationPortrait UIInterfaceOrientationPortraitUpsideDown UIInterfaceOrientationLandscapeLeft UIInterfaceOrientationLandscapeRight";
				INFOPLIST_KEY_UISupportedInterfaceOrientations_iPhone = "UIInterfaceOrientationPortrait UIInterfaceOrientationLandscapeLeft UIInterfaceOrientationLandscapeRight";
				LD_RUNPATH_SEARCH_PATHS = (
					"$(inherited)",
					"@executable_path/Frameworks",
				);
				MARKETING_VERSION = 1.0;
				PRODUCT_BUNDLE_IDENTIFIER = com.example.HiDoctor;
				PRODUCT_NAME = "$(TARGET_NAME)";
				SWIFT_EMIT_LOC_STRINGS = YES;
				SWIFT_VERSION = 5.0;
				TARGETED_DEVICE_FAMILY = "1,2";
			};
			name = Debug;
		};
		B0D9D1D92748002D0062485C /* Release */ = {
			isa = XCBuildConfiguration;
			buildSettings = {
				ASSETCATALOG_COMPILER_APPICON_NAME = AppIcon;
				ASSETCATALOG_COMPILER_GLOBAL_ACCENT_COLOR_NAME = AccentColor;
				CODE_SIGN_STYLE = Automatic;
				CURRENT_PROJECT_VERSION = 1;
				GENERATE_INFOPLIST_FILE = YES;
				INFOPLIST_FILE = HiDoctor/Info.plist;
				INFOPLIST_KEY_UIApplicationSupportsIndirectInputEvents = YES;
				INFOPLIST_KEY_UILaunchStoryboardName = LaunchScreen;
				INFOPLIST_KEY_UIMainStoryboardFile = Main;
				INFOPLIST_KEY_UISupportedInterfaceOrientations_iPad = "UIInterfaceOrientationPortrait UIInterfaceOrientationPortraitUpsideDown UIInterfaceOrientationLandscapeLeft UIInterfaceOrientationLandscapeRight";
				INFOPLIST_KEY_UISupportedInterfaceOrientations_iPhone = "UIInterfaceOrientationPortrait UIInterfaceOrientationLandscapeLeft UIInterfaceOrientationLandscapeRight";
				LD_RUNPATH_SEARCH_PATHS = (
					"$(inherited)",
					"@executable_path/Frameworks",
				);
				MARKETING_VERSION = 1.0;
				PRODUCT_BUNDLE_IDENTIFIER = com.example.HiDoctor;
				PRODUCT_NAME = "$(TARGET_NAME)";
				SWIFT_EMIT_LOC_STRINGS = YES;
				SWIFT_VERSION = 5.0;
				TARGETED_DEVICE_FAMILY = "1,2";
			};
			name = Release;
		};
/* End XCBuildConfiguration section */

/* Begin XCConfigurationList section */
		B0D9D1BE2748002B0062485C /* Build configuration list for PBXProject "HiDoctor" */ = {
			isa = XCConfigurationList;
			buildConfigurations = (
				B0D9D1D52748002D0062485C /* Debug */,
				B0D9D1D62748002D0062485C /* Release */,
			);
			defaultConfigurationIsVisible = 0;
			defaultConfigurationName = Release;
		};
		B0D9D1D72748002D0062485C /* Build configuration list for PBXNativeTarget "HiDoctor" */ = {
			isa = XCConfigurationList;
			buildConfigurations = (
				B0D9D1D82748002D0062485C /* Debug */,
				B0D9D1D92748002D0062485C /* Release */,
			);
			defaultConfigurationIsVisible = 0;
			defaultConfigurationName = Release;
		};
/* End XCConfigurationList section */
	};
	rootObject = B0D9D1BB2748002B0062485C /* Project object */;
}
